// !$*UTF8*$!
{
	archiveVersion = 1;
	classes = {
	};
	objectVersion = 56;
	objects = {

/* Begin PBXBuildFile section */
		828036B72AE6CA36001B55F4 /* PieceViewCell.swift in Sources */ = {isa = PBXBuildFile; fileRef = 828036B62AE6CA36001B55F4 /* PieceViewCell.swift */; };
		828036BA2AE6CBC2001B55F4 /* TTConstant.swift in Sources */ = {isa = PBXBuildFile; fileRef = 828036B92AE6CBC2001B55F4 /* TTConstant.swift */; };
		8297B8E12AE54AD100D0C155 /* AppDelegate.swift in Sources */ = {isa = PBXBuildFile; fileRef = 8297B8E02AE54AD100D0C155 /* AppDelegate.swift */; };
		8297B8E32AE54AD100D0C155 /* SceneDelegate.swift in Sources */ = {isa = PBXBuildFile; fileRef = 8297B8E22AE54AD100D0C155 /* SceneDelegate.swift */; };
		8297B8E52AE54AD100D0C155 /* TimerViewController.swift in Sources */ = {isa = PBXBuildFile; fileRef = 8297B8E42AE54AD100D0C155 /* TimerViewController.swift */; };
		8297B8EA2AE54AD800D0C155 /* Assets.xcassets in Resources */ = {isa = PBXBuildFile; fileRef = 8297B8E92AE54AD800D0C155 /* Assets.xcassets */; };
		8297B8ED2AE54AD800D0C155 /* LaunchScreen.storyboard in Resources */ = {isa = PBXBuildFile; fileRef = 8297B8EB2AE54AD800D0C155 /* LaunchScreen.storyboard */; };
		8297B8F82AE54C0800D0C155 /* TimerViewModel.swift in Sources */ = {isa = PBXBuildFile; fileRef = 8297B8F72AE54C0800D0C155 /* TimerViewModel.swift */; };
		8297B8FB2AE54C5900D0C155 /* TTViewController.swift in Sources */ = {isa = PBXBuildFile; fileRef = 8297B8FA2AE54C5900D0C155 /* TTViewController.swift */; };
		8297B8FE2AE54F1600D0C155 /* TTUtils.swift in Sources */ = {isa = PBXBuildFile; fileRef = 8297B8FD2AE54F1600D0C155 /* TTUtils.swift */; };
		8AFFF63BE5633495C834617C /* Pods_TTimer.framework in Frameworks */ = {isa = PBXBuildFile; fileRef = 15019FA5CEE9D57E41C724D4 /* Pods_TTimer.framework */; };
/* End PBXBuildFile section */

/* Begin PBXFileReference section */
		15019FA5CEE9D57E41C724D4 /* Pods_TTimer.framework */ = {isa = PBXFileReference; explicitFileType = wrapper.framework; includeInIndex = 0; path = Pods_TTimer.framework; sourceTree = BUILT_PRODUCTS_DIR; };
		828036B62AE6CA36001B55F4 /* PieceViewCell.swift */ = {isa = PBXFileReference; lastKnownFileType = sourcecode.swift; path = PieceViewCell.swift; sourceTree = "<group>"; };
		828036B92AE6CBC2001B55F4 /* TTConstant.swift */ = {isa = PBXFileReference; lastKnownFileType = sourcecode.swift; path = TTConstant.swift; sourceTree = "<group>"; };
		8297B8DD2AE54AD100D0C155 /* TTimer.app */ = {isa = PBXFileReference; explicitFileType = wrapper.application; includeInIndex = 0; path = TTimer.app; sourceTree = BUILT_PRODUCTS_DIR; };
		8297B8E02AE54AD100D0C155 /* AppDelegate.swift */ = {isa = PBXFileReference; lastKnownFileType = sourcecode.swift; path = AppDelegate.swift; sourceTree = "<group>"; };
		8297B8E22AE54AD100D0C155 /* SceneDelegate.swift */ = {isa = PBXFileReference; lastKnownFileType = sourcecode.swift; path = SceneDelegate.swift; sourceTree = "<group>"; };
		8297B8E42AE54AD100D0C155 /* TimerViewController.swift */ = {isa = PBXFileReference; lastKnownFileType = sourcecode.swift; path = TimerViewController.swift; sourceTree = "<group>"; };
		8297B8E92AE54AD800D0C155 /* Assets.xcassets */ = {isa = PBXFileReference; lastKnownFileType = folder.assetcatalog; path = Assets.xcassets; sourceTree = "<group>"; };
		8297B8EC2AE54AD800D0C155 /* Base */ = {isa = PBXFileReference; lastKnownFileType = file.storyboard; name = Base; path = Base.lproj/LaunchScreen.storyboard; sourceTree = "<group>"; };
		8297B8EE2AE54AD800D0C155 /* Info.plist */ = {isa = PBXFileReference; lastKnownFileType = text.plist.xml; path = Info.plist; sourceTree = "<group>"; };
		8297B8F72AE54C0800D0C155 /* TimerViewModel.swift */ = {isa = PBXFileReference; lastKnownFileType = sourcecode.swift; path = TimerViewModel.swift; sourceTree = "<group>"; };
		8297B8FA2AE54C5900D0C155 /* TTViewController.swift */ = {isa = PBXFileReference; lastKnownFileType = sourcecode.swift; path = TTViewController.swift; sourceTree = "<group>"; };
		8297B8FD2AE54F1600D0C155 /* TTUtils.swift */ = {isa = PBXFileReference; lastKnownFileType = sourcecode.swift; path = TTUtils.swift; sourceTree = "<group>"; };
		DD16B286B646F64960FEDA8D /* Pods-TTimer.release.xcconfig */ = {isa = PBXFileReference; includeInIndex = 1; lastKnownFileType = text.xcconfig; name = "Pods-TTimer.release.xcconfig"; path = "Target Support Files/Pods-TTimer/Pods-TTimer.release.xcconfig"; sourceTree = "<group>"; };
		FB5039F3953F74DEC324013D /* Pods-TTimer.debug.xcconfig */ = {isa = PBXFileReference; includeInIndex = 1; lastKnownFileType = text.xcconfig; name = "Pods-TTimer.debug.xcconfig"; path = "Target Support Files/Pods-TTimer/Pods-TTimer.debug.xcconfig"; sourceTree = "<group>"; };
/* End PBXFileReference section */

/* Begin PBXFrameworksBuildPhase section */
		8297B8DA2AE54AD100D0C155 /* Frameworks */ = {
			isa = PBXFrameworksBuildPhase;
			buildActionMask = 2147483647;
			files = (
				8AFFF63BE5633495C834617C /* Pods_TTimer.framework in Frameworks */,
			);
			runOnlyForDeploymentPostprocessing = 0;
		};
/* End PBXFrameworksBuildPhase section */

/* Begin PBXGroup section */
		22F5CBBF5C835A9F6450105D /* Pods */ = {
			isa = PBXGroup;
			children = (
				FB5039F3953F74DEC324013D /* Pods-TTimer.debug.xcconfig */,
				DD16B286B646F64960FEDA8D /* Pods-TTimer.release.xcconfig */,
			);
			path = Pods;
			sourceTree = "<group>";
		};
		828036B52AE6C9FE001B55F4 /* Cell */ = {
			isa = PBXGroup;
			children = (
				828036B62AE6CA36001B55F4 /* PieceViewCell.swift */,
			);
			path = Cell;
			sourceTree = "<group>";
		};
		828036B82AE6CB9B001B55F4 /* Constant */ = {
			isa = PBXGroup;
			children = (
				828036B92AE6CBC2001B55F4 /* TTConstant.swift */,
			);
			path = Constant;
			sourceTree = "<group>";
		};
		8297B8D42AE54AD100D0C155 = {
			isa = PBXGroup;
			children = (
				8297B8DF2AE54AD100D0C155 /* TTimer */,
				8297B8DE2AE54AD100D0C155 /* Products */,
				22F5CBBF5C835A9F6450105D /* Pods */,
				93A9E9B2B40ECF1ADA9E9525 /* Frameworks */,
			);
			sourceTree = "<group>";
		};
		8297B8DE2AE54AD100D0C155 /* Products */ = {
			isa = PBXGroup;
			children = (
				8297B8DD2AE54AD100D0C155 /* TTimer.app */,
			);
			name = Products;
			sourceTree = "<group>";
		};
		8297B8DF2AE54AD100D0C155 /* TTimer */ = {
			isa = PBXGroup;
			children = (
				8297B8F42AE54B0B00D0C155 /* Application */,
				8297B8F92AE54C1B00D0C155 /* BaseClass */,
				828036B52AE6C9FE001B55F4 /* Cell */,
				828036B82AE6CB9B001B55F4 /* Constant */,
				8297B8F52AE54B8E00D0C155 /* Module */,
				8297B8FC2AE54E5600D0C155 /* TTUtils */,
				8297B8E92AE54AD800D0C155 /* Assets.xcassets */,
				8297B8EB2AE54AD800D0C155 /* LaunchScreen.storyboard */,
				8297B8EE2AE54AD800D0C155 /* Info.plist */,
			);
			path = TTimer;
			sourceTree = "<group>";
		};
		8297B8F42AE54B0B00D0C155 /* Application */ = {
			isa = PBXGroup;
			children = (
				8297B8E02AE54AD100D0C155 /* AppDelegate.swift */,
				8297B8E22AE54AD100D0C155 /* SceneDelegate.swift */,
			);
			path = Application;
			sourceTree = "<group>";
		};
		8297B8F52AE54B8E00D0C155 /* Module */ = {
			isa = PBXGroup;
			children = (
				8297B8F62AE54BCA00D0C155 /* Timer */,
			);
			path = Module;
			sourceTree = "<group>";
		};
		8297B8F62AE54BCA00D0C155 /* Timer */ = {
			isa = PBXGroup;
			children = (
				8297B8E42AE54AD100D0C155 /* TimerViewController.swift */,
				8297B8F72AE54C0800D0C155 /* TimerViewModel.swift */,
			);
			path = Timer;
			sourceTree = "<group>";
		};
		8297B8F92AE54C1B00D0C155 /* BaseClass */ = {
			isa = PBXGroup;
			children = (
				8297B8FA2AE54C5900D0C155 /* TTViewController.swift */,
			);
			path = BaseClass;
			sourceTree = "<group>";
		};
		8297B8FC2AE54E5600D0C155 /* TTUtils */ = {
			isa = PBXGroup;
			children = (
				8297B8FD2AE54F1600D0C155 /* TTUtils.swift */,
			);
			path = TTUtils;
			sourceTree = "<group>";
		};
		93A9E9B2B40ECF1ADA9E9525 /* Frameworks */ = {
			isa = PBXGroup;
			children = (
				15019FA5CEE9D57E41C724D4 /* Pods_TTimer.framework */,
			);
			name = Frameworks;
			sourceTree = "<group>";
		};
/* End PBXGroup section */

/* Begin PBXNativeTarget section */
		8297B8DC2AE54AD100D0C155 /* TTimer */ = {
			isa = PBXNativeTarget;
			buildConfigurationList = 8297B8F12AE54AD800D0C155 /* Build configuration list for PBXNativeTarget "TTimer" */;
			buildPhases = (
				26901BE23DFE8E3DA9064504 /* [CP] Check Pods Manifest.lock */,
				8297B8D92AE54AD100D0C155 /* Sources */,
				8297B8DA2AE54AD100D0C155 /* Frameworks */,
				8297B8DB2AE54AD100D0C155 /* Resources */,
				C6575E00058D68C66909346A /* [CP] Embed Pods Frameworks */,
			);
			buildRules = (
			);
			dependencies = (
			);
			name = TTimer;
			productName = TTimer;
			productReference = 8297B8DD2AE54AD100D0C155 /* TTimer.app */;
			productType = "com.apple.product-type.application";
		};
/* End PBXNativeTarget section */

/* Begin PBXProject section */
		8297B8D52AE54AD100D0C155 /* Project object */ = {
			isa = PBXProject;
			attributes = {
				BuildIndependentTargetsInParallel = 1;
				LastSwiftUpdateCheck = 1420;
				LastUpgradeCheck = 1420;
				TargetAttributes = {
					8297B8DC2AE54AD100D0C155 = {
						CreatedOnToolsVersion = 14.2;
					};
				};
			};
			buildConfigurationList = 8297B8D82AE54AD100D0C155 /* Build configuration list for PBXProject "TTimer" */;
			compatibilityVersion = "Xcode 14.0";
			developmentRegion = en;
			hasScannedForEncodings = 0;
			knownRegions = (
				en,
				Base,
			);
			mainGroup = 8297B8D42AE54AD100D0C155;
			productRefGroup = 8297B8DE2AE54AD100D0C155 /* Products */;
			projectDirPath = "";
			projectRoot = "";
			targets = (
				8297B8DC2AE54AD100D0C155 /* TTimer */,
			);
		};
/* End PBXProject section */

/* Begin PBXResourcesBuildPhase section */
		8297B8DB2AE54AD100D0C155 /* Resources */ = {
			isa = PBXResourcesBuildPhase;
			buildActionMask = 2147483647;
			files = (
				8297B8ED2AE54AD800D0C155 /* LaunchScreen.storyboard in Resources */,
				8297B8EA2AE54AD800D0C155 /* Assets.xcassets in Resources */,
			);
			runOnlyForDeploymentPostprocessing = 0;
		};
/* End PBXResourcesBuildPhase section */

/* Begin PBXShellScriptBuildPhase section */
		26901BE23DFE8E3DA9064504 /* [CP] Check Pods Manifest.lock */ = {
			isa = PBXShellScriptBuildPhase;
			buildActionMask = 2147483647;
			files = (
			);
			inputFileListPaths = (
			);
			inputPaths = (
				"${PODS_PODFILE_DIR_PATH}/Podfile.lock",
				"${PODS_ROOT}/Manifest.lock",
			);
			name = "[CP] Check Pods Manifest.lock";
			outputFileListPaths = (
			);
			outputPaths = (
				"$(DERIVED_FILE_DIR)/Pods-TTimer-checkManifestLockResult.txt",
			);
			runOnlyForDeploymentPostprocessing = 0;
			shellPath = /bin/sh;
			shellScript = "diff \"${PODS_PODFILE_DIR_PATH}/Podfile.lock\" \"${PODS_ROOT}/Manifest.lock\" > /dev/null\nif [ $? != 0 ] ; then\n    # print error to STDERR\n    echo \"error: The sandbox is not in sync with the Podfile.lock. Run 'pod install' or update your CocoaPods installation.\" >&2\n    exit 1\nfi\n# This output is used by Xcode 'outputs' to avoid re-running this script phase.\necho \"SUCCESS\" > \"${SCRIPT_OUTPUT_FILE_0}\"\n";
			showEnvVarsInLog = 0;
		};
		C6575E00058D68C66909346A /* [CP] Embed Pods Frameworks */ = {
			isa = PBXShellScriptBuildPhase;
			buildActionMask = 2147483647;
			files = (
			);
			inputFileListPaths = (
				"${PODS_ROOT}/Target Support Files/Pods-TTimer/Pods-TTimer-frameworks-${CONFIGURATION}-input-files.xcfilelist",
			);
			name = "[CP] Embed Pods Frameworks";
			outputFileListPaths = (
				"${PODS_ROOT}/Target Support Files/Pods-TTimer/Pods-TTimer-frameworks-${CONFIGURATION}-output-files.xcfilelist",
			);
			runOnlyForDeploymentPostprocessing = 0;
			shellPath = /bin/sh;
			shellScript = "\"${PODS_ROOT}/Target Support Files/Pods-TTimer/Pods-TTimer-frameworks.sh\"\n";
			showEnvVarsInLog = 0;
		};
/* End PBXShellScriptBuildPhase section */

/* Begin PBXSourcesBuildPhase section */
		8297B8D92AE54AD100D0C155 /* Sources */ = {
			isa = PBXSourcesBuildPhase;
			buildActionMask = 2147483647;
			files = (
				828036B72AE6CA36001B55F4 /* PieceViewCell.swift in Sources */,
				8297B8F82AE54C0800D0C155 /* TimerViewModel.swift in Sources */,
				8297B8FB2AE54C5900D0C155 /* TTViewController.swift in Sources */,
				8297B8E52AE54AD100D0C155 /* TimerViewController.swift in Sources */,
				8297B8FE2AE54F1600D0C155 /* TTUtils.swift in Sources */,
				828036BA2AE6CBC2001B55F4 /* TTConstant.swift in Sources */,
				8297B8E12AE54AD100D0C155 /* AppDelegate.swift in Sources */,
				8297B8E32AE54AD100D0C155 /* SceneDelegate.swift in Sources */,
			);
			runOnlyForDeploymentPostprocessing = 0;
		};
/* End PBXSourcesBuildPhase section */

/* Begin PBXVariantGroup section */
		8297B8EB2AE54AD800D0C155 /* LaunchScreen.storyboard */ = {
			isa = PBXVariantGroup;
			children = (
				8297B8EC2AE54AD800D0C155 /* Base */,
			);
			name = LaunchScreen.storyboard;
			sourceTree = "<group>";
		};
/* End PBXVariantGroup section */

/* Begin XCBuildConfiguration section */
		8297B8EF2AE54AD800D0C155 /* Debug */ = {
			isa = XCBuildConfiguration;
			buildSettings = {
				ALWAYS_SEARCH_USER_PATHS = NO;
				CLANG_ANALYZER_NONNULL = YES;
				CLANG_ANALYZER_NUMBER_OBJECT_CONVERSION = YES_AGGRESSIVE;
				CLANG_CXX_LANGUAGE_STANDARD = "gnu++20";
				CLANG_ENABLE_MODULES = YES;
				CLANG_ENABLE_OBJC_ARC = YES;
				CLANG_ENABLE_OBJC_WEAK = YES;
				CLANG_WARN_BLOCK_CAPTURE_AUTORELEASING = YES;
				CLANG_WARN_BOOL_CONVERSION = YES;
				CLANG_WARN_COMMA = YES;
				CLANG_WARN_CONSTANT_CONVERSION = YES;
				CLANG_WARN_DEPRECATED_OBJC_IMPLEMENTATIONS = YES;
				CLANG_WARN_DIRECT_OBJC_ISA_USAGE = YES_ERROR;
				CLANG_WARN_DOCUMENTATION_COMMENTS = YES;
				CLANG_WARN_EMPTY_BODY = YES;
				CLANG_WARN_ENUM_CONVERSION = YES;
				CLANG_WARN_INFINITE_RECURSION = YES;
				CLANG_WARN_INT_CONVERSION = YES;
				CLANG_WARN_NON_LITERAL_NULL_CONVERSION = YES;
				CLANG_WARN_OBJC_IMPLICIT_RETAIN_SELF = YES;
				CLANG_WARN_OBJC_LITERAL_CONVERSION = YES;
				CLANG_WARN_OBJC_ROOT_CLASS = YES_ERROR;
				CLANG_WARN_QUOTED_INCLUDE_IN_FRAMEWORK_HEADER = YES;
				CLANG_WARN_RANGE_LOOP_ANALYSIS = YES;
				CLANG_WARN_STRICT_PROTOTYPES = YES;
				CLANG_WARN_SUSPICIOUS_MOVE = YES;
				CLANG_WARN_UNGUARDED_AVAILABILITY = YES_AGGRESSIVE;
				CLANG_WARN_UNREACHABLE_CODE = YES;
				CLANG_WARN__DUPLICATE_METHOD_MATCH = YES;
				COPY_PHASE_STRIP = NO;
				DEBUG_INFORMATION_FORMAT = dwarf;
				ENABLE_STRICT_OBJC_MSGSEND = YES;
				ENABLE_TESTABILITY = YES;
				GCC_C_LANGUAGE_STANDARD = gnu11;
				GCC_DYNAMIC_NO_PIC = NO;
				GCC_NO_COMMON_BLOCKS = YES;
				GCC_OPTIMIZATION_LEVEL = 0;
				GCC_PREPROCESSOR_DEFINITIONS = (
					"DEBUG=1",
					"$(inherited)",
				);
				GCC_WARN_64_TO_32_BIT_CONVERSION = YES;
				GCC_WARN_ABOUT_RETURN_TYPE = YES_ERROR;
				GCC_WARN_UNDECLARED_SELECTOR = YES;
				GCC_WARN_UNINITIALIZED_AUTOS = YES_AGGRESSIVE;
				GCC_WARN_UNUSED_FUNCTION = YES;
				GCC_WARN_UNUSED_VARIABLE = YES;
				IPHONEOS_DEPLOYMENT_TARGET = 16.2;
				MTL_ENABLE_DEBUG_INFO = INCLUDE_SOURCE;
				MTL_FAST_MATH = YES;
				ONLY_ACTIVE_ARCH = YES;
				SDKROOT = iphoneos;
				SWIFT_ACTIVE_COMPILATION_CONDITIONS = DEBUG;
				SWIFT_OPTIMIZATION_LEVEL = "-Onone";
			};
			name = Debug;
		};
		8297B8F02AE54AD800D0C155 /* Release */ = {
			isa = XCBuildConfiguration;
			buildSettings = {
				ALWAYS_SEARCH_USER_PATHS = NO;
				CLANG_ANALYZER_NONNULL = YES;
				CLANG_ANALYZER_NUMBER_OBJECT_CONVERSION = YES_AGGRESSIVE;
				CLANG_CXX_LANGUAGE_STANDARD = "gnu++20";
				CLANG_ENABLE_MODULES = YES;
				CLANG_ENABLE_OBJC_ARC = YES;
				CLANG_ENABLE_OBJC_WEAK = YES;
				CLANG_WARN_BLOCK_CAPTURE_AUTORELEASING = YES;
				CLANG_WARN_BOOL_CONVERSION = YES;
				CLANG_WARN_COMMA = YES;
				CLANG_WARN_CONSTANT_CONVERSION = YES;
				CLANG_WARN_DEPRECATED_OBJC_IMPLEMENTATIONS = YES;
				CLANG_WARN_DIRECT_OBJC_ISA_USAGE = YES_ERROR;
				CLANG_WARN_DOCUMENTATION_COMMENTS = YES;
				CLANG_WARN_EMPTY_BODY = YES;
				CLANG_WARN_ENUM_CONVERSION = YES;
				CLANG_WARN_INFINITE_RECURSION = YES;
				CLANG_WARN_INT_CONVERSION = YES;
				CLANG_WARN_NON_LITERAL_NULL_CONVERSION = YES;
				CLANG_WARN_OBJC_IMPLICIT_RETAIN_SELF = YES;
				CLANG_WARN_OBJC_LITERAL_CONVERSION = YES;
				CLANG_WARN_OBJC_ROOT_CLASS = YES_ERROR;
				CLANG_WARN_QUOTED_INCLUDE_IN_FRAMEWORK_HEADER = YES;
				CLANG_WARN_RANGE_LOOP_ANALYSIS = YES;
				CLANG_WARN_STRICT_PROTOTYPES = YES;
				CLANG_WARN_SUSPICIOUS_MOVE = YES;
				CLANG_WARN_UNGUARDED_AVAILABILITY = YES_AGGRESSIVE;
				CLANG_WARN_UNREACHABLE_CODE = YES;
				CLANG_WARN__DUPLICATE_METHOD_MATCH = YES;
				COPY_PHASE_STRIP = NO;
				DEBUG_INFORMATION_FORMAT = "dwarf-with-dsym";
				ENABLE_NS_ASSERTIONS = NO;
				ENABLE_STRICT_OBJC_MSGSEND = YES;
				GCC_C_LANGUAGE_STANDARD = gnu11;
				GCC_NO_COMMON_BLOCKS = YES;
				GCC_WARN_64_TO_32_BIT_CONVERSION = YES;
				GCC_WARN_ABOUT_RETURN_TYPE = YES_ERROR;
				GCC_WARN_UNDECLARED_SELECTOR = YES;
				GCC_WARN_UNINITIALIZED_AUTOS = YES_AGGRESSIVE;
				GCC_WARN_UNUSED_FUNCTION = YES;
				GCC_WARN_UNUSED_VARIABLE = YES;
				IPHONEOS_DEPLOYMENT_TARGET = 16.2;
				MTL_ENABLE_DEBUG_INFO = NO;
				MTL_FAST_MATH = YES;
				SDKROOT = iphoneos;
				SWIFT_COMPILATION_MODE = wholemodule;
				SWIFT_OPTIMIZATION_LEVEL = "-O";
				VALIDATE_PRODUCT = YES;
			};
			name = Release;
		};
		8297B8F22AE54AD800D0C155 /* Debug */ = {
			isa = XCBuildConfiguration;
			baseConfigurationReference = FB5039F3953F74DEC324013D /* Pods-TTimer.debug.xcconfig */;
			buildSettings = {
				ASSETCATALOG_COMPILER_APPICON_NAME = AppIcon;
				ASSETCATALOG_COMPILER_GLOBAL_ACCENT_COLOR_NAME = AccentColor;
				CODE_SIGN_STYLE = Automatic;
				CURRENT_PROJECT_VERSION = 1;
				DEVELOPMENT_TEAM = AQKCQ33V6N;
				GENERATE_INFOPLIST_FILE = YES;
				INFOPLIST_FILE = TTimer/Info.plist;
				INFOPLIST_KEY_UIApplicationSupportsIndirectInputEvents = YES;
				INFOPLIST_KEY_UILaunchStoryboardName = LaunchScreen;
				INFOPLIST_KEY_UISupportedInterfaceOrientations_iPad = "UIInterfaceOrientationPortrait UIInterfaceOrientationPortraitUpsideDown UIInterfaceOrientationLandscapeLeft UIInterfaceOrientationLandscapeRight";
				INFOPLIST_KEY_UISupportedInterfaceOrientations_iPhone = "UIInterfaceOrientationPortrait UIInterfaceOrientationLandscapeLeft UIInterfaceOrientationLandscapeRight";
				IPHONEOS_DEPLOYMENT_TARGET = 13.0;
				LD_RUNPATH_SEARCH_PATHS = (
					"$(inherited)",
					"@executable_path/Frameworks",
				);
				MARKETING_VERSION = 1.0;
				PRODUCT_BUNDLE_IDENTIFIER = thinh.TTimer;
				PRODUCT_NAME = "$(TARGET_NAME)";
				SWIFT_EMIT_LOC_STRINGS = YES;
				SWIFT_VERSION = 5.0;
				TARGETED_DEVICE_FAMILY = "1,2";
			};
			name = Debug;
		};
		8297B8F32AE54AD800D0C155 /* Release */ = {
			isa = XCBuildConfiguration;
			baseConfigurationReference = DD16B286B646F64960FEDA8D /* Pods-TTimer.release.xcconfig */;
			buildSettings = {
				ASSETCATALOG_COMPILER_APPICON_NAME = AppIcon;
				ASSETCATALOG_COMPILER_GLOBAL_ACCENT_COLOR_NAME = AccentColor;
				CODE_SIGN_STYLE = Automatic;
				CURRENT_PROJECT_VERSION = 1;
				DEVELOPMENT_TEAM = AQKCQ33V6N;
				GENERATE_INFOPLIST_FILE = YES;
				INFOPLIST_FILE = TTimer/Info.plist;
				INFOPLIST_KEY_UIApplicationSupportsIndirectInputEvents = YES;
				INFOPLIST_KEY_UILaunchStoryboardName = LaunchScreen;
				INFOPLIST_KEY_UISupportedInterfaceOrientations_iPad = "UIInterfaceOrientationPortrait UIInterfaceOrientationPortraitUpsideDown UIInterfaceOrientationLandscapeLeft UIInterfaceOrientationLandscapeRight";
				INFOPLIST_KEY_UISupportedInterfaceOrientations_iPhone = "UIInterfaceOrientationPortrait UIInterfaceOrientationLandscapeLeft UIInterfaceOrientationLandscapeRight";
				IPHONEOS_DEPLOYMENT_TARGET = 13.0;
				LD_RUNPATH_SEARCH_PATHS = (
					"$(inherited)",
					"@executable_path/Frameworks",
				);
				MARKETING_VERSION = 1.0;
				PRODUCT_BUNDLE_IDENTIFIER = thinh.TTimer;
				PRODUCT_NAME = "$(TARGET_NAME)";
				SWIFT_EMIT_LOC_STRINGS = YES;
				SWIFT_VERSION = 5.0;
				TARGETED_DEVICE_FAMILY = "1,2";
			};
			name = Release;
		};
/* End XCBuildConfiguration section */

/* Begin XCConfigurationList section */
		8297B8D82AE54AD100D0C155 /* Build configuration list for PBXProject "TTimer" */ = {
			isa = XCConfigurationList;
			buildConfigurations = (
				8297B8EF2AE54AD800D0C155 /* Debug */,
				8297B8F02AE54AD800D0C155 /* Release */,
			);
			defaultConfigurationIsVisible = 0;
			defaultConfigurationName = Release;
		};
		8297B8F12AE54AD800D0C155 /* Build configuration list for PBXNativeTarget "TTimer" */ = {
			isa = XCConfigurationList;
			buildConfigurations = (
				8297B8F22AE54AD800D0C155 /* Debug */,
				8297B8F32AE54AD800D0C155 /* Release */,
			);
			defaultConfigurationIsVisible = 0;
			defaultConfigurationName = Release;
		};
/* End XCConfigurationList section */
	};
	rootObject = 8297B8D52AE54AD100D0C155 /* Project object */;
}
